{
  "name": "scripts",
  "version": "1.0.0",
  "lockfileVersion": 2,
  "requires": true,
  "packages": {
    "": {
      "name": "scripts",
      "version": "1.0.0",
      "dependencies": {
        "parse-duration": "^1.0.0"
      },
      "devDependencies": {}
    },
    "node_modules/parse-duration": {
      "version": "1.0.0",
      "resolved": "https://registry.npmjs.org/parse-duration/-/parse-duration-1.0.0.tgz",
      "integrity": "sha512-X4kUkCTHU1N/kEbwK9FpUJ0UZQa90VzeczfS704frR30gljxDG0pSziws06XlK+CGRSo/1wtG1mFIdBFQTMQNw=="
    }
  },
  "dependencies": {
    "parse-duration": {
      "version": "1.0.0",
      "resolved": "https://registry.npmjs.org/parse-duration/-/parse-duration-1.0.0.tgz",
      "integrity": "sha512-X4kUkCTHU1N/kEbwK9FpUJ0UZQa90VzeczfS704frR30gljxDG0pSziws06XlK+CGRSo/1wtG1mFIdBFQTMQNw=="
    }
  }
}
